
Microsoft Visual Studio Solution File, Format Version 12.00
# Visual Studio Version 17
VisualStudioVersion = 17.11.35312.102
MinimumVisualStudioVersion = 10.0.40219.1
Project("{FAE04EC0-301F-11D3-BF4B-00C04F79EFBC}") = "Project2_20242", "OpenCVForBegining\Project2_20242.csproj", "{4EFFFABC-39F4-46AD-AD3F-C7879CD2B731}"
EndProject
Global
	GlobalSection(SolutionConfigurationPlatforms) = preSolution
		Debug|Any CPU = Debug|Any CPU
		Release|Any CPU = Release|Any CPU
	EndGlobalSection
	GlobalSection(ProjectConfigurationPlatforms) = postSolution
		{4EFFFABC-39F4-46AD-AD3F-C7879CD2B731}.Debug|Any CPU.ActiveCfg = Debug|Any CPU
		{4EFFFABC-39F4-46AD-AD3F-C7879CD2B731}.Debug|Any CPU.Build.0 = Debug|Any CPU
		{4EFFFABC-39F4-46AD-AD3F-C7879CD2B731}.Release|Any CPU.ActiveCfg = Release|Any CPU
		{4EFFFABC-39F4-46AD-AD3F-C7879CD2B731}.Release|Any CPU.Build.0 = Release|Any CPU
	EndGlobalSection
	GlobalSection(SolutionProperties) = preSolution
		HideSolutionNode = FALSE
	EndGlobalSection
	GlobalSection(ExtensibilityGlobals) = postSolution
		SolutionGuid = {53827AC7-68D8-46B8-A534-DC3307BD1F4F}
	EndGlobalSection
EndGlobal
